Microsoft Visual Studio Solution File, Format Version 12.00
# Visual Studio 2012
Project("{FAE04EC0-301F-11D3-BF4B-00C04F79EFBC}") = "YifyLib", "YifyLib.csproj", "{20ABCBD2-BCD7-4019-8458-FE756A3A5487}"
EndProject
Project("{FAE04EC0-301F-11D3-BF4B-00C04F79EFBC}") = "ConsoleTest", "..\ConsoleTest\ConsoleTest.csproj", "{9A92B274-C36A-4E7A-AD90-BDE71834AAAC}"
EndProject
Global
	GlobalSection(SolutionConfigurationPlatforms) = preSolution
		Debug|Any CPU = Debug|Any CPU
		Release|Any CPU = Release|Any CPU
	EndGlobalSection
	GlobalSection(ProjectConfigurationPlatforms) = postSolution
		{20ABCBD2-BCD7-4019-8458-FE756A3A5487}.Debug|Any CPU.ActiveCfg = Debug|Any CPU
		{20ABCBD2-BCD7-4019-8458-FE756A3A5487}.Debug|Any CPU.Build.0 = Debug|Any CPU
		{20ABCBD2-BCD7-4019-8458-FE756A3A5487}.Release|Any CPU.ActiveCfg = Release|Any CPU
		{20ABCBD2-BCD7-4019-8458-FE756A3A5487}.Release|Any CPU.Build.0 = Release|Any CPU
		{9A92B274-C36A-4E7A-AD90-BDE71834AAAC}.Debug|Any CPU.ActiveCfg = Debug|Any CPU
		{9A92B274-C36A-4E7A-AD90-BDE71834AAAC}.Debug|Any CPU.Build.0 = Debug|Any CPU
		{9A92B274-C36A-4E7A-AD90-BDE71834AAAC}.Release|Any CPU.ActiveCfg = Release|Any CPU
		{9A92B274-C36A-4E7A-AD90-BDE71834AAAC}.Release|Any CPU.Build.0 = Release|Any CPU
	EndGlobalSection
	GlobalSection(SolutionProperties) = preSolution
		HideSolutionNode = FALSE
	EndGlobalSection
EndGlobal
