Microsoft Visual Studio Solution File, Format Version 12.00
# Visual Studio 2012
Project("{FAE04EC0-301F-11D3-BF4B-00C04F79EFBC}") = "YifyLib", "YifyLib.csproj", "{20ABCBD2-BCD7-4019-8458-FE756A3A5487}"
EndProject
Project("{FAE04EC0-301F-11D3-BF4B-00C04F79EFBC}") = "Test", "..\Test\Test.csproj", "{6D7641BF-5F52-4A5D-AA48-6CC45B0A1ED2}"
EndProject
Project("{FAE04EC0-301F-11D3-BF4B-00C04F79EFBC}") = "Sample", "..\Sample\Sample.csproj", "{14FBCC63-338F-4B63-9463-BD59D454B54B}"
EndProject
Global
	GlobalSection(SolutionConfigurationPlatforms) = preSolution
		Debug|Any CPU = Debug|Any CPU
		Release|Any CPU = Release|Any CPU
	EndGlobalSection
	GlobalSection(ProjectConfigurationPlatforms) = postSolution
		{20ABCBD2-BCD7-4019-8458-FE756A3A5487}.Debug|Any CPU.ActiveCfg = Debug|Any CPU
		{20ABCBD2-BCD7-4019-8458-FE756A3A5487}.Debug|Any CPU.Build.0 = Debug|Any CPU
		{20ABCBD2-BCD7-4019-8458-FE756A3A5487}.Release|Any CPU.ActiveCfg = Release|Any CPU
		{20ABCBD2-BCD7-4019-8458-FE756A3A5487}.Release|Any CPU.Build.0 = Release|Any CPU
		{6D7641BF-5F52-4A5D-AA48-6CC45B0A1ED2}.Debug|Any CPU.ActiveCfg = Debug|Any CPU
		{6D7641BF-5F52-4A5D-AA48-6CC45B0A1ED2}.Debug|Any CPU.Build.0 = Debug|Any CPU
		{6D7641BF-5F52-4A5D-AA48-6CC45B0A1ED2}.Release|Any CPU.ActiveCfg = Release|Any CPU
		{6D7641BF-5F52-4A5D-AA48-6CC45B0A1ED2}.Release|Any CPU.Build.0 = Release|Any CPU
		{14FBCC63-338F-4B63-9463-BD59D454B54B}.Debug|Any CPU.ActiveCfg = Debug|Any CPU
		{14FBCC63-338F-4B63-9463-BD59D454B54B}.Debug|Any CPU.Build.0 = Debug|Any CPU
		{14FBCC63-338F-4B63-9463-BD59D454B54B}.Release|Any CPU.ActiveCfg = Release|Any CPU
		{14FBCC63-338F-4B63-9463-BD59D454B54B}.Release|Any CPU.Build.0 = Release|Any CPU
	EndGlobalSection
	GlobalSection(SolutionProperties) = preSolution
		HideSolutionNode = FALSE
	EndGlobalSection
EndGlobal
